
Microsoft Visual Studio Solution File, Format Version 12.00
# Visual Studio 15
VisualStudioVersion = 15.0.27004.2009
MinimumVisualStudioVersion = 10.0.40219.1
Project("{888888A0-9F3D-457C-B088-3A5042F75D52}") = "ex18", "ex18\ex18.pyproj", "{0C345587-F497-4D4D-A05F-9C98416900EA}"
EndProject
Global
	GlobalSection(SolutionConfigurationPlatforms) = preSolution
		Debug|Any CPU = Debug|Any CPU
		Release|Any CPU = Release|Any CPU
	EndGlobalSection
	GlobalSection(ProjectConfigurationPlatforms) = postSolution
		{0C345587-F497-4D4D-A05F-9C98416900EA}.Debug|Any CPU.ActiveCfg = Debug|Any CPU
		{0C345587-F497-4D4D-A05F-9C98416900EA}.Release|Any CPU.ActiveCfg = Release|Any CPU
	EndGlobalSection
	GlobalSection(SolutionProperties) = preSolution
		HideSolutionNode = FALSE
	EndGlobalSection
	GlobalSection(ExtensibilityGlobals) = postSolution
		SolutionGuid = {8411A0B9-2283-4782-B886-591C6A24B88F}
	EndGlobalSection
EndGlobal
