
Microsoft Visual Studio Solution File, Format Version 12.00
# Visual Studio 15
VisualStudioVersion = 15.0.27004.2009
MinimumVisualStudioVersion = 10.0.40219.1
Project("{888888A0-9F3D-457C-B088-3A5042F75D52}") = "ex30", "ex30\ex30.pyproj", "{9AE10624-4046-43D7-AD43-86161F118D16}"
EndProject
Global
	GlobalSection(SolutionConfigurationPlatforms) = preSolution
		Debug|Any CPU = Debug|Any CPU
		Release|Any CPU = Release|Any CPU
	EndGlobalSection
	GlobalSection(ProjectConfigurationPlatforms) = postSolution
		{9AE10624-4046-43D7-AD43-86161F118D16}.Debug|Any CPU.ActiveCfg = Debug|Any CPU
		{9AE10624-4046-43D7-AD43-86161F118D16}.Release|Any CPU.ActiveCfg = Release|Any CPU
	EndGlobalSection
	GlobalSection(SolutionProperties) = preSolution
		HideSolutionNode = FALSE
	EndGlobalSection
	GlobalSection(ExtensibilityGlobals) = postSolution
		SolutionGuid = {784804B5-E614-4767-A6EE-7B2B288568D4}
	EndGlobalSection
EndGlobal
