
Microsoft Visual Studio Solution File, Format Version 12.00
# Visual Studio 15
VisualStudioVersion = 15.0.27004.2009
MinimumVisualStudioVersion = 10.0.40219.1
Project("{888888A0-9F3D-457C-B088-3A5042F75D52}") = "ex6", "ex6\ex6.pyproj", "{51429453-C34E-49BE-89BA-C0B1C55F84DC}"
EndProject
Global
	GlobalSection(SolutionConfigurationPlatforms) = preSolution
		Debug|Any CPU = Debug|Any CPU
		Release|Any CPU = Release|Any CPU
	EndGlobalSection
	GlobalSection(ProjectConfigurationPlatforms) = postSolution
		{51429453-C34E-49BE-89BA-C0B1C55F84DC}.Debug|Any CPU.ActiveCfg = Debug|Any CPU
		{51429453-C34E-49BE-89BA-C0B1C55F84DC}.Release|Any CPU.ActiveCfg = Release|Any CPU
	EndGlobalSection
	GlobalSection(SolutionProperties) = preSolution
		HideSolutionNode = FALSE
	EndGlobalSection
	GlobalSection(ExtensibilityGlobals) = postSolution
		SolutionGuid = {C1C4F1BF-73A3-4B46-8CEE-946B66EA58CA}
	EndGlobalSection
EndGlobal
