
Microsoft Visual Studio Solution File, Format Version 12.00
# Visual Studio 15
VisualStudioVersion = 15.0.27004.2009
MinimumVisualStudioVersion = 10.0.40219.1
Project("{888888A0-9F3D-457C-B088-3A5042F75D52}") = "ex3", "ex3\ex3.pyproj", "{76A7A518-0E75-4AC2-A9C7-6747ADA41343}"
EndProject
Global
	GlobalSection(SolutionConfigurationPlatforms) = preSolution
		Debug|Any CPU = Debug|Any CPU
		Release|Any CPU = Release|Any CPU
	EndGlobalSection
	GlobalSection(ProjectConfigurationPlatforms) = postSolution
		{76A7A518-0E75-4AC2-A9C7-6747ADA41343}.Debug|Any CPU.ActiveCfg = Debug|Any CPU
		{76A7A518-0E75-4AC2-A9C7-6747ADA41343}.Release|Any CPU.ActiveCfg = Release|Any CPU
	EndGlobalSection
	GlobalSection(SolutionProperties) = preSolution
		HideSolutionNode = FALSE
	EndGlobalSection
	GlobalSection(ExtensibilityGlobals) = postSolution
		SolutionGuid = {D38FDF1C-A739-46CF-AD90-A8E8DCC1C892}
	EndGlobalSection
EndGlobal
