
Microsoft Visual Studio Solution File, Format Version 12.00
# Visual Studio 15
VisualStudioVersion = 15.0.27004.2009
MinimumVisualStudioVersion = 10.0.40219.1
Project("{888888A0-9F3D-457C-B088-3A5042F75D52}") = "ex32", "ex32\ex32.pyproj", "{784613D9-C1B8-4C8D-8EAD-5354F5498CAC}"
EndProject
Global
	GlobalSection(SolutionConfigurationPlatforms) = preSolution
		Debug|Any CPU = Debug|Any CPU
		Release|Any CPU = Release|Any CPU
	EndGlobalSection
	GlobalSection(ProjectConfigurationPlatforms) = postSolution
		{784613D9-C1B8-4C8D-8EAD-5354F5498CAC}.Debug|Any CPU.ActiveCfg = Debug|Any CPU
		{784613D9-C1B8-4C8D-8EAD-5354F5498CAC}.Release|Any CPU.ActiveCfg = Release|Any CPU
	EndGlobalSection
	GlobalSection(SolutionProperties) = preSolution
		HideSolutionNode = FALSE
	EndGlobalSection
	GlobalSection(ExtensibilityGlobals) = postSolution
		SolutionGuid = {FB8E6C16-70F7-4EE9-A521-695F53595887}
	EndGlobalSection
EndGlobal
