
Microsoft Visual Studio Solution File, Format Version 12.00
# Visual Studio 15
VisualStudioVersion = 15.0.27004.2009
MinimumVisualStudioVersion = 10.0.40219.1
Project("{888888A0-9F3D-457C-B088-3A5042F75D52}") = "ex39", "ex39\ex39.pyproj", "{3C8652FC-B8A1-4DC1-AE3A-0F47A56FC272}"
EndProject
Global
	GlobalSection(SolutionConfigurationPlatforms) = preSolution
		Debug|Any CPU = Debug|Any CPU
		Release|Any CPU = Release|Any CPU
	EndGlobalSection
	GlobalSection(ProjectConfigurationPlatforms) = postSolution
		{3C8652FC-B8A1-4DC1-AE3A-0F47A56FC272}.Debug|Any CPU.ActiveCfg = Debug|Any CPU
		{3C8652FC-B8A1-4DC1-AE3A-0F47A56FC272}.Release|Any CPU.ActiveCfg = Release|Any CPU
	EndGlobalSection
	GlobalSection(SolutionProperties) = preSolution
		HideSolutionNode = FALSE
	EndGlobalSection
	GlobalSection(ExtensibilityGlobals) = postSolution
		SolutionGuid = {BD9C62EB-E34D-4646-8CDD-1B58B58D1766}
	EndGlobalSection
EndGlobal
