
Microsoft Visual Studio Solution File, Format Version 12.00
# Visual Studio 15
VisualStudioVersion = 15.0.27004.2009
MinimumVisualStudioVersion = 10.0.40219.1
Project("{888888A0-9F3D-457C-B088-3A5042F75D52}") = "ex11", "ex11\ex11.pyproj", "{308F70F7-9222-41BA-B13A-2E5DA4D21487}"
EndProject
Global
	GlobalSection(SolutionConfigurationPlatforms) = preSolution
		Debug|Any CPU = Debug|Any CPU
		Release|Any CPU = Release|Any CPU
	EndGlobalSection
	GlobalSection(ProjectConfigurationPlatforms) = postSolution
		{308F70F7-9222-41BA-B13A-2E5DA4D21487}.Debug|Any CPU.ActiveCfg = Debug|Any CPU
		{308F70F7-9222-41BA-B13A-2E5DA4D21487}.Release|Any CPU.ActiveCfg = Release|Any CPU
	EndGlobalSection
	GlobalSection(SolutionProperties) = preSolution
		HideSolutionNode = FALSE
	EndGlobalSection
	GlobalSection(ExtensibilityGlobals) = postSolution
		SolutionGuid = {434C1DD5-2E10-427E-BA2E-0C2AD4063705}
	EndGlobalSection
EndGlobal
