
Microsoft Visual Studio Solution File, Format Version 12.00
# Visual Studio 15
VisualStudioVersion = 15.0.27004.2009
MinimumVisualStudioVersion = 10.0.40219.1
Project("{888888A0-9F3D-457C-B088-3A5042F75D52}") = "ex1", "ex1\ex1.pyproj", "{52A61666-4846-4EA4-B637-BA3AE2B54B27}"
EndProject
Global
	GlobalSection(SolutionConfigurationPlatforms) = preSolution
		Debug|Any CPU = Debug|Any CPU
		Release|Any CPU = Release|Any CPU
	EndGlobalSection
	GlobalSection(ProjectConfigurationPlatforms) = postSolution
		{52A61666-4846-4EA4-B637-BA3AE2B54B27}.Debug|Any CPU.ActiveCfg = Debug|Any CPU
		{52A61666-4846-4EA4-B637-BA3AE2B54B27}.Release|Any CPU.ActiveCfg = Release|Any CPU
	EndGlobalSection
	GlobalSection(SolutionProperties) = preSolution
		HideSolutionNode = FALSE
	EndGlobalSection
	GlobalSection(ExtensibilityGlobals) = postSolution
		SolutionGuid = {11B8F129-6FE8-49D2-8D55-DA4C6B84B5F9}
	EndGlobalSection
EndGlobal
