
Microsoft Visual Studio Solution File, Format Version 12.00
# Visual Studio 15
VisualStudioVersion = 15.0.27004.2009
MinimumVisualStudioVersion = 10.0.40219.1
Project("{888888A0-9F3D-457C-B088-3A5042F75D52}") = "ex21", "ex21\ex21.pyproj", "{2E6D69B9-7083-4296-98DD-6CB1BCA8EBC0}"
EndProject
Global
	GlobalSection(SolutionConfigurationPlatforms) = preSolution
		Debug|Any CPU = Debug|Any CPU
		Release|Any CPU = Release|Any CPU
	EndGlobalSection
	GlobalSection(ProjectConfigurationPlatforms) = postSolution
		{2E6D69B9-7083-4296-98DD-6CB1BCA8EBC0}.Debug|Any CPU.ActiveCfg = Debug|Any CPU
		{2E6D69B9-7083-4296-98DD-6CB1BCA8EBC0}.Release|Any CPU.ActiveCfg = Release|Any CPU
	EndGlobalSection
	GlobalSection(SolutionProperties) = preSolution
		HideSolutionNode = FALSE
	EndGlobalSection
	GlobalSection(ExtensibilityGlobals) = postSolution
		SolutionGuid = {E2A8ACB9-B045-41E9-818E-6C4AEE55D0D0}
	EndGlobalSection
EndGlobal
