
Microsoft Visual Studio Solution File, Format Version 12.00
# Visual Studio 15
VisualStudioVersion = 15.0.27004.2009
MinimumVisualStudioVersion = 10.0.40219.1
Project("{888888A0-9F3D-457C-B088-3A5042F75D52}") = "ex14", "ex14\ex14.pyproj", "{D4465FE2-C2AC-43B4-8B25-638CECD1C8B1}"
EndProject
Global
	GlobalSection(SolutionConfigurationPlatforms) = preSolution
		Debug|Any CPU = Debug|Any CPU
		Release|Any CPU = Release|Any CPU
	EndGlobalSection
	GlobalSection(ProjectConfigurationPlatforms) = postSolution
		{D4465FE2-C2AC-43B4-8B25-638CECD1C8B1}.Debug|Any CPU.ActiveCfg = Debug|Any CPU
		{D4465FE2-C2AC-43B4-8B25-638CECD1C8B1}.Release|Any CPU.ActiveCfg = Release|Any CPU
	EndGlobalSection
	GlobalSection(SolutionProperties) = preSolution
		HideSolutionNode = FALSE
	EndGlobalSection
	GlobalSection(ExtensibilityGlobals) = postSolution
		SolutionGuid = {C50BF0D4-B0C5-41C4-82EC-F022EA09543B}
	EndGlobalSection
EndGlobal
